// !$*UTF8*$!
{
	archiveVersion = 1;
	classes = {
	};
	objectVersion = 50;
	objects = {

/* Begin PBXBuildFile section */
		154C005B2008B1E23917FE77 /* Pods_ChallengeKobe.framework in Frameworks */ = {isa = PBXBuildFile; fileRef = 2062EC042A1B29B843FDB6A3 /* Pods_ChallengeKobe.framework */; };
		9A9636582183307D00E57AA8 /* AppDelegate.swift in Sources */ = {isa = PBXBuildFile; fileRef = 9A9636572183307D00E57AA8 /* AppDelegate.swift */; };
		9A96365A2183307D00E57AA8 /* ViewController.swift in Sources */ = {isa = PBXBuildFile; fileRef = 9A9636592183307D00E57AA8 /* ViewController.swift */; };
		9A96365D2183307D00E57AA8 /* Main.storyboard in Resources */ = {isa = PBXBuildFile; fileRef = 9A96365B2183307D00E57AA8 /* Main.storyboard */; };
		9A96365F2183307F00E57AA8 /* Assets.xcassets in Resources */ = {isa = PBXBuildFile; fileRef = 9A96365E2183307F00E57AA8 /* Assets.xcassets */; };
		9A9636622183307F00E57AA8 /* LaunchScreen.storyboard in Resources */ = {isa = PBXBuildFile; fileRef = 9A9636602183307F00E57AA8 /* LaunchScreen.storyboard */; };
		9A96366F218333BD00E57AA8 /* API.swift in Sources */ = {isa = PBXBuildFile; fileRef = 9A96366E218333BD00E57AA8 /* API.swift */; };
		9A9636712183374A00E57AA8 /* Request.swift in Sources */ = {isa = PBXBuildFile; fileRef = 9A9636702183374A00E57AA8 /* Request.swift */; };
		9A9636732183381D00E57AA8 /* UpcomingMoviesRequestObject.swift in Sources */ = {isa = PBXBuildFile; fileRef = 9A9636722183381D00E57AA8 /* UpcomingMoviesRequestObject.swift */; };
		9A9636752183398D00E57AA8 /* Movie.swift in Sources */ = {isa = PBXBuildFile; fileRef = 9A9636742183398D00E57AA8 /* Movie.swift */; };
/* End PBXBuildFile section */

/* Begin PBXFileReference section */
		2062EC042A1B29B843FDB6A3 /* Pods_ChallengeKobe.framework */ = {isa = PBXFileReference; explicitFileType = wrapper.framework; includeInIndex = 0; path = Pods_ChallengeKobe.framework; sourceTree = BUILT_PRODUCTS_DIR; };
		6F91A934A03670DA7BD2ED92 /* Pods-ChallengeKobe.debug.xcconfig */ = {isa = PBXFileReference; includeInIndex = 1; lastKnownFileType = text.xcconfig; name = "Pods-ChallengeKobe.debug.xcconfig"; path = "Pods/Target Support Files/Pods-ChallengeKobe/Pods-ChallengeKobe.debug.xcconfig"; sourceTree = "<group>"; };
		9A9636542183307D00E57AA8 /* ChallengeKobe.app */ = {isa = PBXFileReference; explicitFileType = wrapper.application; includeInIndex = 0; path = ChallengeKobe.app; sourceTree = BUILT_PRODUCTS_DIR; };
		9A9636572183307D00E57AA8 /* AppDelegate.swift */ = {isa = PBXFileReference; lastKnownFileType = sourcecode.swift; path = AppDelegate.swift; sourceTree = "<group>"; };
		9A9636592183307D00E57AA8 /* ViewController.swift */ = {isa = PBXFileReference; lastKnownFileType = sourcecode.swift; path = ViewController.swift; sourceTree = "<group>"; };
		9A96365C2183307D00E57AA8 /* Base */ = {isa = PBXFileReference; lastKnownFileType = file.storyboard; name = Base; path = Base.lproj/Main.storyboard; sourceTree = "<group>"; };
		9A96365E2183307F00E57AA8 /* Assets.xcassets */ = {isa = PBXFileReference; lastKnownFileType = folder.assetcatalog; path = Assets.xcassets; sourceTree = "<group>"; };
		9A9636612183307F00E57AA8 /* Base */ = {isa = PBXFileReference; lastKnownFileType = file.storyboard; name = Base; path = Base.lproj/LaunchScreen.storyboard; sourceTree = "<group>"; };
		9A9636632183307F00E57AA8 /* Info.plist */ = {isa = PBXFileReference; lastKnownFileType = text.plist.xml; path = Info.plist; sourceTree = "<group>"; };
		9A96366E218333BD00E57AA8 /* API.swift */ = {isa = PBXFileReference; lastKnownFileType = sourcecode.swift; path = API.swift; sourceTree = "<group>"; };
		9A9636702183374A00E57AA8 /* Request.swift */ = {isa = PBXFileReference; lastKnownFileType = sourcecode.swift; path = Request.swift; sourceTree = "<group>"; };
		9A9636722183381D00E57AA8 /* UpcomingMoviesRequestObject.swift */ = {isa = PBXFileReference; lastKnownFileType = sourcecode.swift; path = UpcomingMoviesRequestObject.swift; sourceTree = "<group>"; };
		9A9636742183398D00E57AA8 /* Movie.swift */ = {isa = PBXFileReference; lastKnownFileType = sourcecode.swift; path = Movie.swift; sourceTree = "<group>"; };
		EB0F3019BA46E795FF288A0E /* Pods-ChallengeKobe.release.xcconfig */ = {isa = PBXFileReference; includeInIndex = 1; lastKnownFileType = text.xcconfig; name = "Pods-ChallengeKobe.release.xcconfig"; path = "Pods/Target Support Files/Pods-ChallengeKobe/Pods-ChallengeKobe.release.xcconfig"; sourceTree = "<group>"; };
/* End PBXFileReference section */

/* Begin PBXFrameworksBuildPhase section */
		9A9636512183307D00E57AA8 /* Frameworks */ = {
			isa = PBXFrameworksBuildPhase;
			buildActionMask = 2147483647;
			files = (
				154C005B2008B1E23917FE77 /* Pods_ChallengeKobe.framework in Frameworks */,
			);
			runOnlyForDeploymentPostprocessing = 0;
		};
/* End PBXFrameworksBuildPhase section */

/* Begin PBXGroup section */
		9A96364B2183307D00E57AA8 = {
			isa = PBXGroup;
			children = (
				9A9636562183307D00E57AA8 /* ChallengeKobe */,
				9A9636552183307D00E57AA8 /* Products */,
				9D90DF7AA9DF1145B5AAE20F /* Pods */,
				9EE29492E9E608033EF26E22 /* Frameworks */,
			);
			sourceTree = "<group>";
		};
		9A9636552183307D00E57AA8 /* Products */ = {
			isa = PBXGroup;
			children = (
				9A9636542183307D00E57AA8 /* ChallengeKobe.app */,
			);
			name = Products;
			sourceTree = "<group>";
		};
		9A9636562183307D00E57AA8 /* ChallengeKobe */ = {
			isa = PBXGroup;
			children = (
				9A96366C218333A300E57AA8 /* Model */,
				9A9636572183307D00E57AA8 /* AppDelegate.swift */,
				9A9636692183314C00E57AA8 /* Controller */,
				9A96366A2183316C00E57AA8 /* View */,
				9A96365E2183307F00E57AA8 /* Assets.xcassets */,
				9A9636602183307F00E57AA8 /* LaunchScreen.storyboard */,
				9A9636632183307F00E57AA8 /* Info.plist */,
			);
			path = ChallengeKobe;
			sourceTree = "<group>";
		};
		9A9636692183314C00E57AA8 /* Controller */ = {
			isa = PBXGroup;
			children = (
				9A9636592183307D00E57AA8 /* ViewController.swift */,
			);
			path = Controller;
			sourceTree = "<group>";
		};
		9A96366A2183316C00E57AA8 /* View */ = {
			isa = PBXGroup;
			children = (
				9A96365B2183307D00E57AA8 /* Main.storyboard */,
			);
			path = View;
			sourceTree = "<group>";
		};
		9A96366C218333A300E57AA8 /* Model */ = {
			isa = PBXGroup;
			children = (
				9A96366D218333B000E57AA8 /* Network */,
				9A9636722183381D00E57AA8 /* UpcomingMoviesRequestObject.swift */,
				9A9636742183398D00E57AA8 /* Movie.swift */,
			);
			path = Model;
			sourceTree = "<group>";
		};
		9A96366D218333B000E57AA8 /* Network */ = {
			isa = PBXGroup;
			children = (
				9A96366E218333BD00E57AA8 /* API.swift */,
				9A9636702183374A00E57AA8 /* Request.swift */,
			);
			path = Network;
			sourceTree = "<group>";
		};
		9D90DF7AA9DF1145B5AAE20F /* Pods */ = {
			isa = PBXGroup;
			children = (
				6F91A934A03670DA7BD2ED92 /* Pods-ChallengeKobe.debug.xcconfig */,
				EB0F3019BA46E795FF288A0E /* Pods-ChallengeKobe.release.xcconfig */,
			);
			name = Pods;
			sourceTree = "<group>";
		};
		9EE29492E9E608033EF26E22 /* Frameworks */ = {
			isa = PBXGroup;
			children = (
				2062EC042A1B29B843FDB6A3 /* Pods_ChallengeKobe.framework */,
			);
			name = Frameworks;
			sourceTree = "<group>";
		};
/* End PBXGroup section */

/* Begin PBXNativeTarget section */
		9A9636532183307D00E57AA8 /* ChallengeKobe */ = {
			isa = PBXNativeTarget;
			buildConfigurationList = 9A9636662183307F00E57AA8 /* Build configuration list for PBXNativeTarget "ChallengeKobe" */;
			buildPhases = (
				B4418FCA857FE796C651FDFC /* [CP] Check Pods Manifest.lock */,
				9A9636502183307D00E57AA8 /* Sources */,
				9A9636512183307D00E57AA8 /* Frameworks */,
				9A9636522183307D00E57AA8 /* Resources */,
				032047DF765116A962CF703E /* [CP] Embed Pods Frameworks */,
			);
			buildRules = (
			);
			dependencies = (
			);
			name = ChallengeKobe;
			productName = ChallengeKobe;
			productReference = 9A9636542183307D00E57AA8 /* ChallengeKobe.app */;
			productType = "com.apple.product-type.application";
		};
/* End PBXNativeTarget section */

/* Begin PBXProject section */
		9A96364C2183307D00E57AA8 /* Project object */ = {
			isa = PBXProject;
			attributes = {
				LastSwiftUpdateCheck = 1000;
				LastUpgradeCheck = 1000;
				ORGANIZATIONNAME = Bruno;
				TargetAttributes = {
					9A9636532183307D00E57AA8 = {
						CreatedOnToolsVersion = 10.0;
					};
				};
			};
			buildConfigurationList = 9A96364F2183307D00E57AA8 /* Build configuration list for PBXProject "ChallengeKobe" */;
			compatibilityVersion = "Xcode 9.3";
			developmentRegion = en;
			hasScannedForEncodings = 0;
			knownRegions = (
				en,
				Base,
			);
			mainGroup = 9A96364B2183307D00E57AA8;
			productRefGroup = 9A9636552183307D00E57AA8 /* Products */;
			projectDirPath = "";
			projectRoot = "";
			targets = (
				9A9636532183307D00E57AA8 /* ChallengeKobe */,
			);
		};
/* End PBXProject section */

/* Begin PBXResourcesBuildPhase section */
		9A9636522183307D00E57AA8 /* Resources */ = {
			isa = PBXResourcesBuildPhase;
			buildActionMask = 2147483647;
			files = (
				9A9636622183307F00E57AA8 /* LaunchScreen.storyboard in Resources */,
				9A96365F2183307F00E57AA8 /* Assets.xcassets in Resources */,
				9A96365D2183307D00E57AA8 /* Main.storyboard in Resources */,
			);
			runOnlyForDeploymentPostprocessing = 0;
		};
/* End PBXResourcesBuildPhase section */

/* Begin PBXShellScriptBuildPhase section */
		032047DF765116A962CF703E /* [CP] Embed Pods Frameworks */ = {
			isa = PBXShellScriptBuildPhase;
			buildActionMask = 2147483647;
			files = (
			);
			inputPaths = (
				"${SRCROOT}/Pods/Target Support Files/Pods-ChallengeKobe/Pods-ChallengeKobe-frameworks.sh",
				"${BUILT_PRODUCTS_DIR}/Alamofire/Alamofire.framework",
				"${BUILT_PRODUCTS_DIR}/AlamofireObjectMapper/AlamofireObjectMapper.framework",
				"${BUILT_PRODUCTS_DIR}/ObjectMapper/ObjectMapper.framework",
			);
			name = "[CP] Embed Pods Frameworks";
			outputPaths = (
				"${TARGET_BUILD_DIR}/${FRAMEWORKS_FOLDER_PATH}/Alamofire.framework",
				"${TARGET_BUILD_DIR}/${FRAMEWORKS_FOLDER_PATH}/AlamofireObjectMapper.framework",
				"${TARGET_BUILD_DIR}/${FRAMEWORKS_FOLDER_PATH}/ObjectMapper.framework",
			);
			runOnlyForDeploymentPostprocessing = 0;
			shellPath = /bin/sh;
			shellScript = "\"${SRCROOT}/Pods/Target Support Files/Pods-ChallengeKobe/Pods-ChallengeKobe-frameworks.sh\"\n";
			showEnvVarsInLog = 0;
		};
		B4418FCA857FE796C651FDFC /* [CP] Check Pods Manifest.lock */ = {
			isa = PBXShellScriptBuildPhase;
			buildActionMask = 2147483647;
			files = (
			);
			inputPaths = (
				"${PODS_PODFILE_DIR_PATH}/Podfile.lock",
				"${PODS_ROOT}/Manifest.lock",
			);
			name = "[CP] Check Pods Manifest.lock";
			outputPaths = (
				"$(DERIVED_FILE_DIR)/Pods-ChallengeKobe-checkManifestLockResult.txt",
			);
			runOnlyForDeploymentPostprocessing = 0;
			shellPath = /bin/sh;
			shellScript = "diff \"${PODS_PODFILE_DIR_PATH}/Podfile.lock\" \"${PODS_ROOT}/Manifest.lock\" > /dev/null\nif [ $? != 0 ] ; then\n    # print error to STDERR\n    echo \"error: The sandbox is not in sync with the Podfile.lock. Run 'pod install' or update your CocoaPods installation.\" >&2\n    exit 1\nfi\n# This output is used by Xcode 'outputs' to avoid re-running this script phase.\necho \"SUCCESS\" > \"${SCRIPT_OUTPUT_FILE_0}\"\n";
			showEnvVarsInLog = 0;
		};
/* End PBXShellScriptBuildPhase section */

/* Begin PBXSourcesBuildPhase section */
		9A9636502183307D00E57AA8 /* Sources */ = {
			isa = PBXSourcesBuildPhase;
			buildActionMask = 2147483647;
			files = (
				9A9636732183381D00E57AA8 /* UpcomingMoviesRequestObject.swift in Sources */,
				9A96365A2183307D00E57AA8 /* ViewController.swift in Sources */,
				9A9636752183398D00E57AA8 /* Movie.swift in Sources */,
				9A9636712183374A00E57AA8 /* Request.swift in Sources */,
				9A96366F218333BD00E57AA8 /* API.swift in Sources */,
				9A9636582183307D00E57AA8 /* AppDelegate.swift in Sources */,
			);
			runOnlyForDeploymentPostprocessing = 0;
		};
/* End PBXSourcesBuildPhase section */

/* Begin PBXVariantGroup section */
		9A96365B2183307D00E57AA8 /* Main.storyboard */ = {
			isa = PBXVariantGroup;
			children = (
				9A96365C2183307D00E57AA8 /* Base */,
			);
			name = Main.storyboard;
			sourceTree = "<group>";
		};
		9A9636602183307F00E57AA8 /* LaunchScreen.storyboard */ = {
			isa = PBXVariantGroup;
			children = (
				9A9636612183307F00E57AA8 /* Base */,
			);
			name = LaunchScreen.storyboard;
			sourceTree = "<group>";
		};
/* End PBXVariantGroup section */

/* Begin XCBuildConfiguration section */
		9A9636642183307F00E57AA8 /* Debug */ = {
			isa = XCBuildConfiguration;
			buildSettings = {
				ALWAYS_SEARCH_USER_PATHS = NO;
				CLANG_ANALYZER_NONNULL = YES;
				CLANG_ANALYZER_NUMBER_OBJECT_CONVERSION = YES_AGGRESSIVE;
				CLANG_CXX_LANGUAGE_STANDARD = "gnu++14";
				CLANG_CXX_LIBRARY = "libc++";
				CLANG_ENABLE_MODULES = YES;
				CLANG_ENABLE_OBJC_ARC = YES;
				CLANG_ENABLE_OBJC_WEAK = YES;
				CLANG_WARN_BLOCK_CAPTURE_AUTORELEASING = YES;
				CLANG_WARN_BOOL_CONVERSION = YES;
				CLANG_WARN_COMMA = YES;
				CLANG_WARN_CONSTANT_CONVERSION = YES;
				CLANG_WARN_DEPRECATED_OBJC_IMPLEMENTATIONS = YES;
				CLANG_WARN_DIRECT_OBJC_ISA_USAGE = YES_ERROR;
				CLANG_WARN_DOCUMENTATION_COMMENTS = YES;
				CLANG_WARN_EMPTY_BODY = YES;
				CLANG_WARN_ENUM_CONVERSION = YES;
				CLANG_WARN_INFINITE_RECURSION = YES;
				CLANG_WARN_INT_CONVERSION = YES;
				CLANG_WARN_NON_LITERAL_NULL_CONVERSION = YES;
				CLANG_WARN_OBJC_IMPLICIT_RETAIN_SELF = YES;
				CLANG_WARN_OBJC_LITERAL_CONVERSION = YES;
				CLANG_WARN_OBJC_ROOT_CLASS = YES_ERROR;
				CLANG_WARN_RANGE_LOOP_ANALYSIS = YES;
				CLANG_WARN_STRICT_PROTOTYPES = YES;
				CLANG_WARN_SUSPICIOUS_MOVE = YES;
				CLANG_WARN_UNGUARDED_AVAILABILITY = YES_AGGRESSIVE;
				CLANG_WARN_UNREACHABLE_CODE = YES;
				CLANG_WARN__DUPLICATE_METHOD_MATCH = YES;
				CODE_SIGN_IDENTITY = "iPhone Developer";
				COPY_PHASE_STRIP = NO;
				DEBUG_INFORMATION_FORMAT = dwarf;
				ENABLE_STRICT_OBJC_MSGSEND = YES;
				ENABLE_TESTABILITY = YES;
				GCC_C_LANGUAGE_STANDARD = gnu11;
				GCC_DYNAMIC_NO_PIC = NO;
				GCC_NO_COMMON_BLOCKS = YES;
				GCC_OPTIMIZATION_LEVEL = 0;
				GCC_PREPROCESSOR_DEFINITIONS = (
					"DEBUG=1",
					"$(inherited)",
				);
				GCC_WARN_64_TO_32_BIT_CONVERSION = YES;
				GCC_WARN_ABOUT_RETURN_TYPE = YES_ERROR;
				GCC_WARN_UNDECLARED_SELECTOR = YES;
				GCC_WARN_UNINITIALIZED_AUTOS = YES_AGGRESSIVE;
				GCC_WARN_UNUSED_FUNCTION = YES;
				GCC_WARN_UNUSED_VARIABLE = YES;
				IPHONEOS_DEPLOYMENT_TARGET = 12.0;
				MTL_ENABLE_DEBUG_INFO = INCLUDE_SOURCE;
				MTL_FAST_MATH = YES;
				ONLY_ACTIVE_ARCH = YES;
				SDKROOT = iphoneos;
				SWIFT_ACTIVE_COMPILATION_CONDITIONS = DEBUG;
				SWIFT_OPTIMIZATION_LEVEL = "-Onone";
			};
			name = Debug;
		};
		9A9636652183307F00E57AA8 /* Release */ = {
			isa = XCBuildConfiguration;
			buildSettings = {
				ALWAYS_SEARCH_USER_PATHS = NO;
				CLANG_ANALYZER_NONNULL = YES;
				CLANG_ANALYZER_NUMBER_OBJECT_CONVERSION = YES_AGGRESSIVE;
				CLANG_CXX_LANGUAGE_STANDARD = "gnu++14";
				CLANG_CXX_LIBRARY = "libc++";
				CLANG_ENABLE_MODULES = YES;
				CLANG_ENABLE_OBJC_ARC = YES;
				CLANG_ENABLE_OBJC_WEAK = YES;
				CLANG_WARN_BLOCK_CAPTURE_AUTORELEASING = YES;
				CLANG_WARN_BOOL_CONVERSION = YES;
				CLANG_WARN_COMMA = YES;
				CLANG_WARN_CONSTANT_CONVERSION = YES;
				CLANG_WARN_DEPRECATED_OBJC_IMPLEMENTATIONS = YES;
				CLANG_WARN_DIRECT_OBJC_ISA_USAGE = YES_ERROR;
				CLANG_WARN_DOCUMENTATION_COMMENTS = YES;
				CLANG_WARN_EMPTY_BODY = YES;
				CLANG_WARN_ENUM_CONVERSION = YES;
				CLANG_WARN_INFINITE_RECURSION = YES;
				CLANG_WARN_INT_CONVERSION = YES;
				CLANG_WARN_NON_LITERAL_NULL_CONVERSION = YES;
				CLANG_WARN_OBJC_IMPLICIT_RETAIN_SELF = YES;
				CLANG_WARN_OBJC_LITERAL_CONVERSION = YES;
				CLANG_WARN_OBJC_ROOT_CLASS = YES_ERROR;
				CLANG_WARN_RANGE_LOOP_ANALYSIS = YES;
				CLANG_WARN_STRICT_PROTOTYPES = YES;
				CLANG_WARN_SUSPICIOUS_MOVE = YES;
				CLANG_WARN_UNGUARDED_AVAILABILITY = YES_AGGRESSIVE;
				CLANG_WARN_UNREACHABLE_CODE = YES;
				CLANG_WARN__DUPLICATE_METHOD_MATCH = YES;
				CODE_SIGN_IDENTITY = "iPhone Developer";
				COPY_PHASE_STRIP = NO;
				DEBUG_INFORMATION_FORMAT = "dwarf-with-dsym";
				ENABLE_NS_ASSERTIONS = NO;
				ENABLE_STRICT_OBJC_MSGSEND = YES;
				GCC_C_LANGUAGE_STANDARD = gnu11;
				GCC_NO_COMMON_BLOCKS = YES;
				GCC_WARN_64_TO_32_BIT_CONVERSION = YES;
				GCC_WARN_ABOUT_RETURN_TYPE = YES_ERROR;
				GCC_WARN_UNDECLARED_SELECTOR = YES;
				GCC_WARN_UNINITIALIZED_AUTOS = YES_AGGRESSIVE;
				GCC_WARN_UNUSED_FUNCTION = YES;
				GCC_WARN_UNUSED_VARIABLE = YES;
				IPHONEOS_DEPLOYMENT_TARGET = 12.0;
				MTL_ENABLE_DEBUG_INFO = NO;
				MTL_FAST_MATH = YES;
				SDKROOT = iphoneos;
				SWIFT_COMPILATION_MODE = wholemodule;
				SWIFT_OPTIMIZATION_LEVEL = "-O";
				VALIDATE_PRODUCT = YES;
			};
			name = Release;
		};
		9A9636672183307F00E57AA8 /* Debug */ = {
			isa = XCBuildConfiguration;
			baseConfigurationReference = 6F91A934A03670DA7BD2ED92 /* Pods-ChallengeKobe.debug.xcconfig */;
			buildSettings = {
				ASSETCATALOG_COMPILER_APPICON_NAME = AppIcon;
				CODE_SIGN_STYLE = Automatic;
				DEVELOPMENT_TEAM = B65B7G9L44;
				INFOPLIST_FILE = ChallengeKobe/Info.plist;
				LD_RUNPATH_SEARCH_PATHS = (
					"$(inherited)",
					"@executable_path/Frameworks",
				);
				PRODUCT_BUNDLE_IDENTIFIER = brunodorneles.ChallengeKobe;
				PRODUCT_NAME = "$(TARGET_NAME)";
				SWIFT_VERSION = 4.2;
				TARGETED_DEVICE_FAMILY = "1,2";
			};
			name = Debug;
		};
		9A9636682183307F00E57AA8 /* Release */ = {
			isa = XCBuildConfiguration;
			baseConfigurationReference = EB0F3019BA46E795FF288A0E /* Pods-ChallengeKobe.release.xcconfig */;
			buildSettings = {
				ASSETCATALOG_COMPILER_APPICON_NAME = AppIcon;
				CODE_SIGN_STYLE = Automatic;
				DEVELOPMENT_TEAM = B65B7G9L44;
				INFOPLIST_FILE = ChallengeKobe/Info.plist;
				LD_RUNPATH_SEARCH_PATHS = (
					"$(inherited)",
					"@executable_path/Frameworks",
				);
				PRODUCT_BUNDLE_IDENTIFIER = brunodorneles.ChallengeKobe;
				PRODUCT_NAME = "$(TARGET_NAME)";
				SWIFT_VERSION = 4.2;
				TARGETED_DEVICE_FAMILY = "1,2";
			};
			name = Release;
		};
/* End XCBuildConfiguration section */

/* Begin XCConfigurationList section */
		9A96364F2183307D00E57AA8 /* Build configuration list for PBXProject "ChallengeKobe" */ = {
			isa = XCConfigurationList;
			buildConfigurations = (
				9A9636642183307F00E57AA8 /* Debug */,
				9A9636652183307F00E57AA8 /* Release */,
			);
			defaultConfigurationIsVisible = 0;
			defaultConfigurationName = Release;
		};
		9A9636662183307F00E57AA8 /* Build configuration list for PBXNativeTarget "ChallengeKobe" */ = {
			isa = XCConfigurationList;
			buildConfigurations = (
				9A9636672183307F00E57AA8 /* Debug */,
				9A9636682183307F00E57AA8 /* Release */,
			);
			defaultConfigurationIsVisible = 0;
			defaultConfigurationName = Release;
		};
/* End XCConfigurationList section */
	};
	rootObject = 9A96364C2183307D00E57AA8 /* Project object */;
}
